// !$*UTF8*$!
{
	archiveVersion = 1;
	classes = {
	};
	objectVersion = 60;
	objects = {

/* Begin PBXBuildFile section */
		9A1A53572C43783B005B3886 /* LiuBe_TallyBookApp.swift in Sources */ = {isa = PBXBuildFile; fileRef = 9A1A53562C43783B005B3886 /* LiuBe_TallyBookApp.swift */; };
		9A1A53592C43783B005B3886 /* ContentView.swift in Sources */ = {isa = PBXBuildFile; fileRef = 9A1A53582C43783B005B3886 /* ContentView.swift */; };
		9A1A535B2C43783B005B3886 /* Item.swift in Sources */ = {isa = PBXBuildFile; fileRef = 9A1A535A2C43783B005B3886 /* Item.swift */; };
		9A1A535D2C43783D005B3886 /* Assets.xcassets in Resources */ = {isa = PBXBuildFile; fileRef = 9A1A535C2C43783D005B3886 /* Assets.xcassets */; };
		9A1A53602C43783D005B3886 /* Preview Assets.xcassets in Resources */ = {isa = PBXBuildFile; fileRef = 9A1A535F2C43783D005B3886 /* Preview Assets.xcassets */; };
		9A1A536A2C43783D005B3886 /* LiuBe_TallyBookTests.swift in Sources */ = {isa = PBXBuildFile; fileRef = 9A1A53692C43783D005B3886 /* LiuBe_TallyBookTests.swift */; };
		9A1A53742C43783D005B3886 /* LiuBe_TallyBookUITests.swift in Sources */ = {isa = PBXBuildFile; fileRef = 9A1A53732C43783D005B3886 /* LiuBe_TallyBookUITests.swift */; };
		9A1A53762C43783D005B3886 /* LiuBe_TallyBookUITestsLaunchTests.swift in Sources */ = {isa = PBXBuildFile; fileRef = 9A1A53752C43783D005B3886 /* LiuBe_TallyBookUITestsLaunchTests.swift */; };
/* End PBXBuildFile section */

/* Begin PBXContainerItemProxy section */
		9A1A53662C43783D005B3886 /* PBXContainerItemProxy */ = {
			isa = PBXContainerItemProxy;
			containerPortal = 9A1A534B2C43783B005B3886 /* Project object */;
			proxyType = 1;
			remoteGlobalIDString = 9A1A53522C43783B005B3886;
			remoteInfo = "LiuBe-TallyBook";
		};
		9A1A53702C43783D005B3886 /* PBXContainerItemProxy */ = {
			isa = PBXContainerItemProxy;
			containerPortal = 9A1A534B2C43783B005B3886 /* Project object */;
			proxyType = 1;
			remoteGlobalIDString = 9A1A53522C43783B005B3886;
			remoteInfo = "LiuBe-TallyBook";
		};
/* End PBXContainerItemProxy section */

/* Begin PBXFileReference section */
		9A1A53532C43783B005B3886 /* LiuBe-TallyBook.app */ = {isa = PBXFileReference; explicitFileType = wrapper.application; includeInIndex = 0; path = "LiuBe-TallyBook.app"; sourceTree = BUILT_PRODUCTS_DIR; };
		9A1A53562C43783B005B3886 /* LiuBe_TallyBookApp.swift */ = {isa = PBXFileReference; lastKnownFileType = sourcecode.swift; path = LiuBe_TallyBookApp.swift; sourceTree = "<group>"; };
		9A1A53582C43783B005B3886 /* ContentView.swift */ = {isa = PBXFileReference; lastKnownFileType = sourcecode.swift; path = ContentView.swift; sourceTree = "<group>"; };
		9A1A535A2C43783B005B3886 /* Item.swift */ = {isa = PBXFileReference; lastKnownFileType = sourcecode.swift; path = Item.swift; sourceTree = "<group>"; };
		9A1A535C2C43783D005B3886 /* Assets.xcassets */ = {isa = PBXFileReference; lastKnownFileType = folder.assetcatalog; path = Assets.xcassets; sourceTree = "<group>"; };
		9A1A535F2C43783D005B3886 /* Preview Assets.xcassets */ = {isa = PBXFileReference; lastKnownFileType = folder.assetcatalog; path = "Preview Assets.xcassets"; sourceTree = "<group>"; };
		9A1A53652C43783D005B3886 /* LiuBe-TallyBookTests.xctest */ = {isa = PBXFileReference; explicitFileType = wrapper.cfbundle; includeInIndex = 0; path = "LiuBe-TallyBookTests.xctest"; sourceTree = BUILT_PRODUCTS_DIR; };
		9A1A53692C43783D005B3886 /* LiuBe_TallyBookTests.swift */ = {isa = PBXFileReference; lastKnownFileType = sourcecode.swift; path = LiuBe_TallyBookTests.swift; sourceTree = "<group>"; };
		9A1A536F2C43783D005B3886 /* LiuBe-TallyBookUITests.xctest */ = {isa = PBXFileReference; explicitFileType = wrapper.cfbundle; includeInIndex = 0; path = "LiuBe-TallyBookUITests.xctest"; sourceTree = BUILT_PRODUCTS_DIR; };
		9A1A53732C43783D005B3886 /* LiuBe_TallyBookUITests.swift */ = {isa = PBXFileReference; lastKnownFileType = sourcecode.swift; path = LiuBe_TallyBookUITests.swift; sourceTree = "<group>"; };
		9A1A53752C43783D005B3886 /* LiuBe_TallyBookUITestsLaunchTests.swift */ = {isa = PBXFileReference; lastKnownFileType = sourcecode.swift; path = LiuBe_TallyBookUITestsLaunchTests.swift; sourceTree = "<group>"; };
/* End PBXFileReference section */

/* Begin PBXFrameworksBuildPhase section */
		9A1A53502C43783B005B3886 /* Frameworks */ = {
			isa = PBXFrameworksBuildPhase;
			buildActionMask = 2147483647;
			files = (
			);
			runOnlyForDeploymentPostprocessing = 0;
		};
		9A1A53622C43783D005B3886 /* Frameworks */ = {
			isa = PBXFrameworksBuildPhase;
			buildActionMask = 2147483647;
			files = (
			);
			runOnlyForDeploymentPostprocessing = 0;
		};
		9A1A536C2C43783D005B3886 /* Frameworks */ = {
			isa = PBXFrameworksBuildPhase;
			buildActionMask = 2147483647;
			files = (
			);
			runOnlyForDeploymentPostprocessing = 0;
		};
/* End PBXFrameworksBuildPhase section */

/* Begin PBXGroup section */
		9A1A534A2C43783B005B3886 = {
			isa = PBXGroup;
			children = (
				9A1A53552C43783B005B3886 /* LiuBe-TallyBook */,
				9A1A53682C43783D005B3886 /* LiuBe-TallyBookTests */,
				9A1A53722C43783D005B3886 /* LiuBe-TallyBookUITests */,
				9A1A53542C43783B005B3886 /* Products */,
			);
			sourceTree = "<group>";
		};
		9A1A53542C43783B005B3886 /* Products */ = {
			isa = PBXGroup;
			children = (
				9A1A53532C43783B005B3886 /* LiuBe-TallyBook.app */,
				9A1A53652C43783D005B3886 /* LiuBe-TallyBookTests.xctest */,
				9A1A536F2C43783D005B3886 /* LiuBe-TallyBookUITests.xctest */,
			);
			name = Products;
			sourceTree = "<group>";
		};
		9A1A53552C43783B005B3886 /* LiuBe-TallyBook */ = {
			isa = PBXGroup;
			children = (
				9A1A53562C43783B005B3886 /* LiuBe_TallyBookApp.swift */,
				9A1A53582C43783B005B3886 /* ContentView.swift */,
				9A1A535A2C43783B005B3886 /* Item.swift */,
				9A1A535C2C43783D005B3886 /* Assets.xcassets */,
				9A1A535E2C43783D005B3886 /* Preview Content */,
			);
			path = "LiuBe-TallyBook";
			sourceTree = "<group>";
		};
		9A1A535E2C43783D005B3886 /* Preview Content */ = {
			isa = PBXGroup;
			children = (
				9A1A535F2C43783D005B3886 /* Preview Assets.xcassets */,
			);
			path = "Preview Content";
			sourceTree = "<group>";
		};
		9A1A53682C43783D005B3886 /* LiuBe-TallyBookTests */ = {
			isa = PBXGroup;
			children = (
				9A1A53692C43783D005B3886 /* LiuBe_TallyBookTests.swift */,
			);
			path = "LiuBe-TallyBookTests";
			sourceTree = "<group>";
		};
		9A1A53722C43783D005B3886 /* LiuBe-TallyBookUITests */ = {
			isa = PBXGroup;
			children = (
				9A1A53732C43783D005B3886 /* LiuBe_TallyBookUITests.swift */,
				9A1A53752C43783D005B3886 /* LiuBe_TallyBookUITestsLaunchTests.swift */,
			);
			path = "LiuBe-TallyBookUITests";
			sourceTree = "<group>";
		};
/* End PBXGroup section */

/* Begin PBXNativeTarget section */
		9A1A53522C43783B005B3886 /* LiuBe-TallyBook */ = {
			isa = PBXNativeTarget;
			buildConfigurationList = 9A1A53792C43783D005B3886 /* Build configuration list for PBXNativeTarget "LiuBe-TallyBook" */;
			buildPhases = (
				9A1A534F2C43783B005B3886 /* Sources */,
				9A1A53502C43783B005B3886 /* Frameworks */,
				9A1A53512C43783B005B3886 /* Resources */,
			);
			buildRules = (
			);
			dependencies = (
			);
			name = "LiuBe-TallyBook";
			productName = "LiuBe-TallyBook";
			productReference = 9A1A53532C43783B005B3886 /* LiuBe-TallyBook.app */;
			productType = "com.apple.product-type.application";
		};
		9A1A53642C43783D005B3886 /* LiuBe-TallyBookTests */ = {
			isa = PBXNativeTarget;
			buildConfigurationList = 9A1A537C2C43783D005B3886 /* Build configuration list for PBXNativeTarget "LiuBe-TallyBookTests" */;
			buildPhases = (
				9A1A53612C43783D005B3886 /* Sources */,
				9A1A53622C43783D005B3886 /* Frameworks */,
				9A1A53632C43783D005B3886 /* Resources */,
			);
			buildRules = (
			);
			dependencies = (
				9A1A53672C43783D005B3886 /* PBXTargetDependency */,
			);
			name = "LiuBe-TallyBookTests";
			productName = "LiuBe-TallyBookTests";
			productReference = 9A1A53652C43783D005B3886 /* LiuBe-TallyBookTests.xctest */;
			productType = "com.apple.product-type.bundle.unit-test";
		};
		9A1A536E2C43783D005B3886 /* LiuBe-TallyBookUITests */ = {
			isa = PBXNativeTarget;
			buildConfigurationList = 9A1A537F2C43783D005B3886 /* Build configuration list for PBXNativeTarget "LiuBe-TallyBookUITests" */;
			buildPhases = (
				9A1A536B2C43783D005B3886 /* Sources */,
				9A1A536C2C43783D005B3886 /* Frameworks */,
				9A1A536D2C43783D005B3886 /* Resources */,
			);
			buildRules = (
			);
			dependencies = (
				9A1A53712C43783D005B3886 /* PBXTargetDependency */,
			);
			name = "LiuBe-TallyBookUITests";
			productName = "LiuBe-TallyBookUITests";
			productReference = 9A1A536F2C43783D005B3886 /* LiuBe-TallyBookUITests.xctest */;
			productType = "com.apple.product-type.bundle.ui-testing";
		};
/* End PBXNativeTarget section */

/* Begin PBXProject section */
		9A1A534B2C43783B005B3886 /* Project object */ = {
			isa = PBXProject;
			attributes = {
				BuildIndependentTargetsInParallel = 1;
				LastSwiftUpdateCheck = 1600;
				LastUpgradeCheck = 1600;
				TargetAttributes = {
					9A1A53522C43783B005B3886 = {
						CreatedOnToolsVersion = 16.0;
					};
					9A1A53642C43783D005B3886 = {
						CreatedOnToolsVersion = 16.0;
						TestTargetID = 9A1A53522C43783B005B3886;
					};
					9A1A536E2C43783D005B3886 = {
						CreatedOnToolsVersion = 16.0;
						TestTargetID = 9A1A53522C43783B005B3886;
					};
				};
			};
			buildConfigurationList = 9A1A534E2C43783B005B3886 /* Build configuration list for PBXProject "LiuBe-TallyBook" */;
			compatibilityVersion = "Xcode 15.0";
			developmentRegion = en;
			hasScannedForEncodings = 0;
			knownRegions = (
				en,
				Base,
			);
			mainGroup = 9A1A534A2C43783B005B3886;
			productRefGroup = 9A1A53542C43783B005B3886 /* Products */;
			projectDirPath = "";
			projectRoot = "";
			targets = (
				9A1A53522C43783B005B3886 /* LiuBe-TallyBook */,
				9A1A53642C43783D005B3886 /* LiuBe-TallyBookTests */,
				9A1A536E2C43783D005B3886 /* LiuBe-TallyBookUITests */,
			);
		};
/* End PBXProject section */

/* Begin PBXResourcesBuildPhase section */
		9A1A53512C43783B005B3886 /* Resources */ = {
			isa = PBXResourcesBuildPhase;
			buildActionMask = 2147483647;
			files = (
				9A1A53602C43783D005B3886 /* Preview Assets.xcassets in Resources */,
				9A1A535D2C43783D005B3886 /* Assets.xcassets in Resources */,
			);
			runOnlyForDeploymentPostprocessing = 0;
		};
		9A1A53632C43783D005B3886 /* Resources */ = {
			isa = PBXResourcesBuildPhase;
			buildActionMask = 2147483647;
			files = (
			);
			runOnlyForDeploymentPostprocessing = 0;
		};
		9A1A536D2C43783D005B3886 /* Resources */ = {
			isa = PBXResourcesBuildPhase;
			buildActionMask = 2147483647;
			files = (
			);
			runOnlyForDeploymentPostprocessing = 0;
		};
/* End PBXResourcesBuildPhase section */

/* Begin PBXSourcesBuildPhase section */
		9A1A534F2C43783B005B3886 /* Sources */ = {
			isa = PBXSourcesBuildPhase;
			buildActionMask = 2147483647;
			files = (
				9A1A53592C43783B005B3886 /* ContentView.swift in Sources */,
				9A1A535B2C43783B005B3886 /* Item.swift in Sources */,
				9A1A53572C43783B005B3886 /* LiuBe_TallyBookApp.swift in Sources */,
			);
			runOnlyForDeploymentPostprocessing = 0;
		};
		9A1A53612C43783D005B3886 /* Sources */ = {
			isa = PBXSourcesBuildPhase;
			buildActionMask = 2147483647;
			files = (
				9A1A536A2C43783D005B3886 /* LiuBe_TallyBookTests.swift in Sources */,
			);
			runOnlyForDeploymentPostprocessing = 0;
		};
		9A1A536B2C43783D005B3886 /* Sources */ = {
			isa = PBXSourcesBuildPhase;
			buildActionMask = 2147483647;
			files = (
				9A1A53762C43783D005B3886 /* LiuBe_TallyBookUITestsLaunchTests.swift in Sources */,
				9A1A53742C43783D005B3886 /* LiuBe_TallyBookUITests.swift in Sources */,
			);
			runOnlyForDeploymentPostprocessing = 0;
		};
/* End PBXSourcesBuildPhase section */

/* Begin PBXTargetDependency section */
		9A1A53672C43783D005B3886 /* PBXTargetDependency */ = {
			isa = PBXTargetDependency;
			target = 9A1A53522C43783B005B3886 /* LiuBe-TallyBook */;
			targetProxy = 9A1A53662C43783D005B3886 /* PBXContainerItemProxy */;
		};
		9A1A53712C43783D005B3886 /* PBXTargetDependency */ = {
			isa = PBXTargetDependency;
			target = 9A1A53522C43783B005B3886 /* LiuBe-TallyBook */;
			targetProxy = 9A1A53702C43783D005B3886 /* PBXContainerItemProxy */;
		};
/* End PBXTargetDependency section */

/* Begin XCBuildConfiguration section */
		9A1A53772C43783D005B3886 /* Debug */ = {
			isa = XCBuildConfiguration;
			buildSettings = {
				ALWAYS_SEARCH_USER_PATHS = NO;
				ASSETCATALOG_COMPILER_GENERATE_SWIFT_ASSET_SYMBOL_EXTENSIONS = YES;
				CLANG_ANALYZER_NONNULL = YES;
				CLANG_ANALYZER_NUMBER_OBJECT_CONVERSION = YES_AGGRESSIVE;
				CLANG_CXX_LANGUAGE_STANDARD = "gnu++20";
				CLANG_ENABLE_MODULES = YES;
				CLANG_ENABLE_OBJC_ARC = YES;
				CLANG_ENABLE_OBJC_WEAK = YES;
				CLANG_WARN_BLOCK_CAPTURE_AUTORELEASING = YES;
				CLANG_WARN_BOOL_CONVERSION = YES;
				CLANG_WARN_COMMA = YES;
				CLANG_WARN_CONSTANT_CONVERSION = YES;
				CLANG_WARN_DEPRECATED_OBJC_IMPLEMENTATIONS = YES;
				CLANG_WARN_DIRECT_OBJC_ISA_USAGE = YES_ERROR;
				CLANG_WARN_DOCUMENTATION_COMMENTS = YES;
				CLANG_WARN_EMPTY_BODY = YES;
				CLANG_WARN_ENUM_CONVERSION = YES;
				CLANG_WARN_INFINITE_RECURSION = YES;
				CLANG_WARN_INT_CONVERSION = YES;
				CLANG_WARN_NON_LITERAL_NULL_CONVERSION = YES;
				CLANG_WARN_OBJC_IMPLICIT_RETAIN_SELF = YES;
				CLANG_WARN_OBJC_LITERAL_CONVERSION = YES;
				CLANG_WARN_OBJC_ROOT_CLASS = YES_ERROR;
				CLANG_WARN_QUOTED_INCLUDE_IN_FRAMEWORK_HEADER = YES;
				CLANG_WARN_RANGE_LOOP_ANALYSIS = YES;
				CLANG_WARN_STRICT_PROTOTYPES = YES;
				CLANG_WARN_SUSPICIOUS_MOVE = YES;
				CLANG_WARN_UNGUARDED_AVAILABILITY = YES_AGGRESSIVE;
				CLANG_WARN_UNREACHABLE_CODE = YES;
				CLANG_WARN__DUPLICATE_METHOD_MATCH = YES;
				COPY_PHASE_STRIP = NO;
				DEBUG_INFORMATION_FORMAT = dwarf;
				ENABLE_STRICT_OBJC_MSGSEND = YES;
				ENABLE_TESTABILITY = YES;
				ENABLE_USER_SCRIPT_SANDBOXING = YES;
				GCC_C_LANGUAGE_STANDARD = gnu17;
				GCC_DYNAMIC_NO_PIC = NO;
				GCC_NO_COMMON_BLOCKS = YES;
				GCC_OPTIMIZATION_LEVEL = 0;
				GCC_PREPROCESSOR_DEFINITIONS = (
					"DEBUG=1",
					"$(inherited)",
				);
				GCC_WARN_64_TO_32_BIT_CONVERSION = YES;
				GCC_WARN_ABOUT_RETURN_TYPE = YES_ERROR;
				GCC_WARN_UNDECLARED_SELECTOR = YES;
				GCC_WARN_UNINITIALIZED_AUTOS = YES_AGGRESSIVE;
				GCC_WARN_UNUSED_FUNCTION = YES;
				GCC_WARN_UNUSED_VARIABLE = YES;
				IPHONEOS_DEPLOYMENT_TARGET = 18.0;
				LOCALIZATION_PREFERS_STRING_CATALOGS = YES;
				MTL_ENABLE_DEBUG_INFO = INCLUDE_SOURCE;
				MTL_FAST_MATH = YES;
				ONLY_ACTIVE_ARCH = YES;
				SDKROOT = iphoneos;
				SWIFT_ACTIVE_COMPILATION_CONDITIONS = "DEBUG $(inherited)";
				SWIFT_OPTIMIZATION_LEVEL = "-Onone";
			};
			name = Debug;
		};
		9A1A53782C43783D005B3886 /* Release */ = {
			isa = XCBuildConfiguration;
			buildSettings = {
				ALWAYS_SEARCH_USER_PATHS = NO;
				ASSETCATALOG_COMPILER_GENERATE_SWIFT_ASSET_SYMBOL_EXTENSIONS = YES;
				CLANG_ANALYZER_NONNULL = YES;
				CLANG_ANALYZER_NUMBER_OBJECT_CONVERSION = YES_AGGRESSIVE;
				CLANG_CXX_LANGUAGE_STANDARD = "gnu++20";
				CLANG_ENABLE_MODULES = YES;
				CLANG_ENABLE_OBJC_ARC = YES;
				CLANG_ENABLE_OBJC_WEAK = YES;
				CLANG_WARN_BLOCK_CAPTURE_AUTORELEASING = YES;
				CLANG_WARN_BOOL_CONVERSION = YES;
				CLANG_WARN_COMMA = YES;
				CLANG_WARN_CONSTANT_CONVERSION = YES;
				CLANG_WARN_DEPRECATED_OBJC_IMPLEMENTATIONS = YES;
				CLANG_WARN_DIRECT_OBJC_ISA_USAGE = YES_ERROR;
				CLANG_WARN_DOCUMENTATION_COMMENTS = YES;
				CLANG_WARN_EMPTY_BODY = YES;
				CLANG_WARN_ENUM_CONVERSION = YES;
				CLANG_WARN_INFINITE_RECURSION = YES;
				CLANG_WARN_INT_CONVERSION = YES;
				CLANG_WARN_NON_LITERAL_NULL_CONVERSION = YES;
				CLANG_WARN_OBJC_IMPLICIT_RETAIN_SELF = YES;
				CLANG_WARN_OBJC_LITERAL_CONVERSION = YES;
				CLANG_WARN_OBJC_ROOT_CLASS = YES_ERROR;
				CLANG_WARN_QUOTED_INCLUDE_IN_FRAMEWORK_HEADER = YES;
				CLANG_WARN_RANGE_LOOP_ANALYSIS = YES;
				CLANG_WARN_STRICT_PROTOTYPES = YES;
				CLANG_WARN_SUSPICIOUS_MOVE = YES;
				CLANG_WARN_UNGUARDED_AVAILABILITY = YES_AGGRESSIVE;
				CLANG_WARN_UNREACHABLE_CODE = YES;
				CLANG_WARN__DUPLICATE_METHOD_MATCH = YES;
				COPY_PHASE_STRIP = NO;
				DEBUG_INFORMATION_FORMAT = "dwarf-with-dsym";
				ENABLE_NS_ASSERTIONS = NO;
				ENABLE_STRICT_OBJC_MSGSEND = YES;
				ENABLE_USER_SCRIPT_SANDBOXING = YES;
				GCC_C_LANGUAGE_STANDARD = gnu17;
				GCC_NO_COMMON_BLOCKS = YES;
				GCC_WARN_64_TO_32_BIT_CONVERSION = YES;
				GCC_WARN_ABOUT_RETURN_TYPE = YES_ERROR;
				GCC_WARN_UNDECLARED_SELECTOR = YES;
				GCC_WARN_UNINITIALIZED_AUTOS = YES_AGGRESSIVE;
				GCC_WARN_UNUSED_FUNCTION = YES;
				GCC_WARN_UNUSED_VARIABLE = YES;
				IPHONEOS_DEPLOYMENT_TARGET = 18.0;
				LOCALIZATION_PREFERS_STRING_CATALOGS = YES;
				MTL_ENABLE_DEBUG_INFO = NO;
				MTL_FAST_MATH = YES;
				SDKROOT = iphoneos;
				SWIFT_COMPILATION_MODE = wholemodule;
				VALIDATE_PRODUCT = YES;
			};
			name = Release;
		};
		9A1A537A2C43783D005B3886 /* Debug */ = {
			isa = XCBuildConfiguration;
			buildSettings = {
				ASSETCATALOG_COMPILER_APPICON_NAME = AppIcon;
				ASSETCATALOG_COMPILER_GLOBAL_ACCENT_COLOR_NAME = AccentColor;
				CODE_SIGN_STYLE = Automatic;
				CURRENT_PROJECT_VERSION = 1;
				DEVELOPMENT_ASSET_PATHS = "\"LiuBe-TallyBook/Preview Content\"";
				DEVELOPMENT_TEAM = 77MC3D43Z4;
				ENABLE_PREVIEWS = YES;
				GENERATE_INFOPLIST_FILE = YES;
				INFOPLIST_KEY_UIApplicationSceneManifest_Generation = YES;
				INFOPLIST_KEY_UIApplicationSupportsIndirectInputEvents = YES;
				INFOPLIST_KEY_UILaunchScreen_Generation = YES;
				INFOPLIST_KEY_UISupportedInterfaceOrientations_iPad = "UIInterfaceOrientationPortrait UIInterfaceOrientationPortraitUpsideDown UIInterfaceOrientationLandscapeLeft UIInterfaceOrientationLandscapeRight";
				INFOPLIST_KEY_UISupportedInterfaceOrientations_iPhone = "UIInterfaceOrientationPortrait UIInterfaceOrientationLandscapeLeft UIInterfaceOrientationLandscapeRight";
				LD_RUNPATH_SEARCH_PATHS = (
					"$(inherited)",
					"@executable_path/Frameworks",
				);
				MARKETING_VERSION = 1.0;
				PRODUCT_BUNDLE_IDENTIFIER = "cn.liube.LiuBe-TallyBook";
				PRODUCT_NAME = "$(TARGET_NAME)";
				SWIFT_EMIT_LOC_STRINGS = YES;
				SWIFT_VERSION = 5.0;
				TARGETED_DEVICE_FAMILY = "1,2";
			};
			name = Debug;
		};
		9A1A537B2C43783D005B3886 /* Release */ = {
			isa = XCBuildConfiguration;
			buildSettings = {
				ASSETCATALOG_COMPILER_APPICON_NAME = AppIcon;
				ASSETCATALOG_COMPILER_GLOBAL_ACCENT_COLOR_NAME = AccentColor;
				CODE_SIGN_STYLE = Automatic;
				CURRENT_PROJECT_VERSION = 1;
				DEVELOPMENT_ASSET_PATHS = "\"LiuBe-TallyBook/Preview Content\"";
				DEVELOPMENT_TEAM = 77MC3D43Z4;
				ENABLE_PREVIEWS = YES;
				GENERATE_INFOPLIST_FILE = YES;
				INFOPLIST_KEY_UIApplicationSceneManifest_Generation = YES;
				INFOPLIST_KEY_UIApplicationSupportsIndirectInputEvents = YES;
				INFOPLIST_KEY_UILaunchScreen_Generation = YES;
				INFOPLIST_KEY_UISupportedInterfaceOrientations_iPad = "UIInterfaceOrientationPortrait UIInterfaceOrientationPortraitUpsideDown UIInterfaceOrientationLandscapeLeft UIInterfaceOrientationLandscapeRight";
				INFOPLIST_KEY_UISupportedInterfaceOrientations_iPhone = "UIInterfaceOrientationPortrait UIInterfaceOrientationLandscapeLeft UIInterfaceOrientationLandscapeRight";
				LD_RUNPATH_SEARCH_PATHS = (
					"$(inherited)",
					"@executable_path/Frameworks",
				);
				MARKETING_VERSION = 1.0;
				PRODUCT_BUNDLE_IDENTIFIER = "cn.liube.LiuBe-TallyBook";
				PRODUCT_NAME = "$(TARGET_NAME)";
				SWIFT_EMIT_LOC_STRINGS = YES;
				SWIFT_VERSION = 5.0;
				TARGETED_DEVICE_FAMILY = "1,2";
			};
			name = Release;
		};
		9A1A537D2C43783D005B3886 /* Debug */ = {
			isa = XCBuildConfiguration;
			buildSettings = {
				BUNDLE_LOADER = "$(TEST_HOST)";
				CODE_SIGN_STYLE = Automatic;
				CURRENT_PROJECT_VERSION = 1;
				DEVELOPMENT_TEAM = 77MC3D43Z4;
				GENERATE_INFOPLIST_FILE = YES;
				IPHONEOS_DEPLOYMENT_TARGET = 18.0;
				MARKETING_VERSION = 1.0;
				PRODUCT_BUNDLE_IDENTIFIER = "cn.liube.LiuBe-TallyBookTests";
				PRODUCT_NAME = "$(TARGET_NAME)";
				SWIFT_EMIT_LOC_STRINGS = NO;
				SWIFT_VERSION = 5.0;
				TARGETED_DEVICE_FAMILY = "1,2";
				TEST_HOST = "$(BUILT_PRODUCTS_DIR)/LiuBe-TallyBook.app/$(BUNDLE_EXECUTABLE_FOLDER_PATH)/LiuBe-TallyBook";
			};
			name = Debug;
		};
		9A1A537E2C43783D005B3886 /* Release */ = {
			isa = XCBuildConfiguration;
			buildSettings = {
				BUNDLE_LOADER = "$(TEST_HOST)";
				CODE_SIGN_STYLE = Automatic;
				CURRENT_PROJECT_VERSION = 1;
				DEVELOPMENT_TEAM = 77MC3D43Z4;
				GENERATE_INFOPLIST_FILE = YES;
				IPHONEOS_DEPLOYMENT_TARGET = 18.0;
				MARKETING_VERSION = 1.0;
				PRODUCT_BUNDLE_IDENTIFIER = "cn.liube.LiuBe-TallyBookTests";
				PRODUCT_NAME = "$(TARGET_NAME)";
				SWIFT_EMIT_LOC_STRINGS = NO;
				SWIFT_VERSION = 5.0;
				TARGETED_DEVICE_FAMILY = "1,2";
				TEST_HOST = "$(BUILT_PRODUCTS_DIR)/LiuBe-TallyBook.app/$(BUNDLE_EXECUTABLE_FOLDER_PATH)/LiuBe-TallyBook";
			};
			name = Release;
		};
		9A1A53802C43783D005B3886 /* Debug */ = {
			isa = XCBuildConfiguration;
			buildSettings = {
				CODE_SIGN_STYLE = Automatic;
				CURRENT_PROJECT_VERSION = 1;
				DEVELOPMENT_TEAM = 77MC3D43Z4;
				GENERATE_INFOPLIST_FILE = YES;
				MARKETING_VERSION = 1.0;
				PRODUCT_BUNDLE_IDENTIFIER = "cn.liube.LiuBe-TallyBookUITests";
				PRODUCT_NAME = "$(TARGET_NAME)";
				SWIFT_EMIT_LOC_STRINGS = NO;
				SWIFT_VERSION = 5.0;
				TARGETED_DEVICE_FAMILY = "1,2";
				TEST_TARGET_NAME = "LiuBe-TallyBook";
			};
			name = Debug;
		};
		9A1A53812C43783D005B3886 /* Release */ = {
			isa = XCBuildConfiguration;
			buildSettings = {
				CODE_SIGN_STYLE = Automatic;
				CURRENT_PROJECT_VERSION = 1;
				DEVELOPMENT_TEAM = 77MC3D43Z4;
				GENERATE_INFOPLIST_FILE = YES;
				MARKETING_VERSION = 1.0;
				PRODUCT_BUNDLE_IDENTIFIER = "cn.liube.LiuBe-TallyBookUITests";
				PRODUCT_NAME = "$(TARGET_NAME)";
				SWIFT_EMIT_LOC_STRINGS = NO;
				SWIFT_VERSION = 5.0;
				TARGETED_DEVICE_FAMILY = "1,2";
				TEST_TARGET_NAME = "LiuBe-TallyBook";
			};
			name = Release;
		};
/* End XCBuildConfiguration section */

/* Begin XCConfigurationList section */
		9A1A534E2C43783B005B3886 /* Build configuration list for PBXProject "LiuBe-TallyBook" */ = {
			isa = XCConfigurationList;
			buildConfigurations = (
				9A1A53772C43783D005B3886 /* Debug */,
				9A1A53782C43783D005B3886 /* Release */,
			);
			defaultConfigurationIsVisible = 0;
			defaultConfigurationName = Release;
		};
		9A1A53792C43783D005B3886 /* Build configuration list for PBXNativeTarget "LiuBe-TallyBook" */ = {
			isa = XCConfigurationList;
			buildConfigurations = (
				9A1A537A2C43783D005B3886 /* Debug */,
				9A1A537B2C43783D005B3886 /* Release */,
			);
			defaultConfigurationIsVisible = 0;
			defaultConfigurationName = Release;
		};
		9A1A537C2C43783D005B3886 /* Build configuration list for PBXNativeTarget "LiuBe-TallyBookTests" */ = {
			isa = XCConfigurationList;
			buildConfigurations = (
				9A1A537D2C43783D005B3886 /* Debug */,
				9A1A537E2C43783D005B3886 /* Release */,
			);
			defaultConfigurationIsVisible = 0;
			defaultConfigurationName = Release;
		};
		9A1A537F2C43783D005B3886 /* Build configuration list for PBXNativeTarget "LiuBe-TallyBookUITests" */ = {
			isa = XCConfigurationList;
			buildConfigurations = (
				9A1A53802C43783D005B3886 /* Debug */,
				9A1A53812C43783D005B3886 /* Release */,
			);
			defaultConfigurationIsVisible = 0;
			defaultConfigurationName = Release;
		};
/* End XCConfigurationList section */
	};
	rootObject = 9A1A534B2C43783B005B3886 /* Project object */;
}
